// !$*UTF8*$!
{
	archiveVersion = 1;
	classes = {
	};
	objectVersion = 50;
	objects = {

/* Begin PBXBuildFile section */
		49A32CF621173C93006CCDFE /* AppDelegate.m in Sources */ = {isa = PBXBuildFile; fileRef = 49A32CF521173C93006CCDFE /* AppDelegate.m */; };
		49A32CF921173C94006CCDFE /* ViewController.m in Sources */ = {isa = PBXBuildFile; fileRef = 49A32CF821173C94006CCDFE /* ViewController.m */; };
		49A32CFC21173C94006CCDFE /* Main.storyboard in Resources */ = {isa = PBXBuildFile; fileRef = 49A32CFA21173C94006CCDFE /* Main.storyboard */; };
		49A32CFE21173C95006CCDFE /* Assets.xcassets in Resources */ = {isa = PBXBuildFile; fileRef = 49A32CFD21173C95006CCDFE /* Assets.xcassets */; };
		49A32D0121173C95006CCDFE /* LaunchScreen.storyboard in Resources */ = {isa = PBXBuildFile; fileRef = 49A32CFF21173C95006CCDFE /* LaunchScreen.storyboard */; };
		49A32D0421173C95006CCDFE /* main.m in Sources */ = {isa = PBXBuildFile; fileRef = 49A32D0321173C95006CCDFE /* main.m */; };
		49A32D0E21173F57006CCDFE /* HookViewController.m in Sources */ = {isa = PBXBuildFile; fileRef = 49A32D0D21173F57006CCDFE /* HookViewController.m */; };
		49A32D1521173FB9006CCDFE /* UIView+Hook.m in Sources */ = {isa = PBXBuildFile; fileRef = 49A32D1421173FB9006CCDFE /* UIView+Hook.m */; };
		49CBF6DA2117D92C0010F8A2 /* NSArray+Hook.m in Sources */ = {isa = PBXBuildFile; fileRef = 49CBF6D62117D92C0010F8A2 /* NSArray+Hook.m */; };
		49CBF6DB2117D92C0010F8A2 /* NSObject+Swizzing.m in Sources */ = {isa = PBXBuildFile; fileRef = 49CBF6D92117D92C0010F8A2 /* NSObject+Swizzing.m */; };
/* End PBXBuildFile section */

/* Begin PBXFileReference section */
		49A32CF121173C93006CCDFE /* Runtime总结.app */ = {isa = PBXFileReference; explicitFileType = wrapper.application; includeInIndex = 0; path = "Runtime总结.app"; sourceTree = BUILT_PRODUCTS_DIR; };
		49A32CF421173C93006CCDFE /* AppDelegate.h */ = {isa = PBXFileReference; lastKnownFileType = sourcecode.c.h; path = AppDelegate.h; sourceTree = "<group>"; };
		49A32CF521173C93006CCDFE /* AppDelegate.m */ = {isa = PBXFileReference; lastKnownFileType = sourcecode.c.objc; path = AppDelegate.m; sourceTree = "<group>"; };
		49A32CF721173C93006CCDFE /* ViewController.h */ = {isa = PBXFileReference; lastKnownFileType = sourcecode.c.h; path = ViewController.h; sourceTree = "<group>"; };
		49A32CF821173C94006CCDFE /* ViewController.m */ = {isa = PBXFileReference; lastKnownFileType = sourcecode.c.objc; path = ViewController.m; sourceTree = "<group>"; };
		49A32CFB21173C94006CCDFE /* Base */ = {isa = PBXFileReference; lastKnownFileType = file.storyboard; name = Base; path = Base.lproj/Main.storyboard; sourceTree = "<group>"; };
		49A32CFD21173C95006CCDFE /* Assets.xcassets */ = {isa = PBXFileReference; lastKnownFileType = folder.assetcatalog; path = Assets.xcassets; sourceTree = "<group>"; };
		49A32D0021173C95006CCDFE /* Base */ = {isa = PBXFileReference; lastKnownFileType = file.storyboard; name = Base; path = Base.lproj/LaunchScreen.storyboard; sourceTree = "<group>"; };
		49A32D0221173C95006CCDFE /* Info.plist */ = {isa = PBXFileReference; lastKnownFileType = text.plist.xml; path = Info.plist; sourceTree = "<group>"; };
		49A32D0321173C95006CCDFE /* main.m */ = {isa = PBXFileReference; lastKnownFileType = sourcecode.c.objc; path = main.m; sourceTree = "<group>"; };
		49A32D0C21173F57006CCDFE /* HookViewController.h */ = {isa = PBXFileReference; lastKnownFileType = sourcecode.c.h; path = HookViewController.h; sourceTree = "<group>"; };
		49A32D0D21173F57006CCDFE /* HookViewController.m */ = {isa = PBXFileReference; lastKnownFileType = sourcecode.c.objc; path = HookViewController.m; sourceTree = "<group>"; };
		49A32D1321173FB9006CCDFE /* UIView+Hook.h */ = {isa = PBXFileReference; lastKnownFileType = sourcecode.c.h; path = "UIView+Hook.h"; sourceTree = "<group>"; };
		49A32D1421173FB9006CCDFE /* UIView+Hook.m */ = {isa = PBXFileReference; lastKnownFileType = sourcecode.c.objc; path = "UIView+Hook.m"; sourceTree = "<group>"; };
		49CBF6D62117D92C0010F8A2 /* NSArray+Hook.m */ = {isa = PBXFileReference; fileEncoding = 4; lastKnownFileType = sourcecode.c.objc; path = "NSArray+Hook.m"; sourceTree = "<group>"; };
		49CBF6D72117D92C0010F8A2 /* NSArray+Hook.h */ = {isa = PBXFileReference; fileEncoding = 4; lastKnownFileType = sourcecode.c.h; path = "NSArray+Hook.h"; sourceTree = "<group>"; };
		49CBF6D82117D92C0010F8A2 /* NSObject+Swizzing.h */ = {isa = PBXFileReference; fileEncoding = 4; lastKnownFileType = sourcecode.c.h; path = "NSObject+Swizzing.h"; sourceTree = "<group>"; };
		49CBF6D92117D92C0010F8A2 /* NSObject+Swizzing.m */ = {isa = PBXFileReference; fileEncoding = 4; lastKnownFileType = sourcecode.c.objc; path = "NSObject+Swizzing.m"; sourceTree = "<group>"; };
/* End PBXFileReference section */

/* Begin PBXFrameworksBuildPhase section */
		49A32CEE21173C93006CCDFE /* Frameworks */ = {
			isa = PBXFrameworksBuildPhase;
			buildActionMask = 2147483647;
			files = (
			);
			runOnlyForDeploymentPostprocessing = 0;
		};
/* End PBXFrameworksBuildPhase section */

/* Begin PBXGroup section */
		49A32CE821173C93006CCDFE = {
			isa = PBXGroup;
			children = (
				49A32CF321173C93006CCDFE /* Runtime总结 */,
				49A32CF221173C93006CCDFE /* Products */,
			);
			sourceTree = "<group>";
		};
		49A32CF221173C93006CCDFE /* Products */ = {
			isa = PBXGroup;
			children = (
				49A32CF121173C93006CCDFE /* Runtime总结.app */,
			);
			name = Products;
			sourceTree = "<group>";
		};
		49A32CF321173C93006CCDFE /* Runtime总结 */ = {
			isa = PBXGroup;
			children = (
				49A32D0A21173CA6006CCDFE /* Class */,
				49A32CF421173C93006CCDFE /* AppDelegate.h */,
				49A32CF521173C93006CCDFE /* AppDelegate.m */,
				49A32CF721173C93006CCDFE /* ViewController.h */,
				49A32CF821173C94006CCDFE /* ViewController.m */,
				49A32CFA21173C94006CCDFE /* Main.storyboard */,
				49A32CFD21173C95006CCDFE /* Assets.xcassets */,
				49A32CFF21173C95006CCDFE /* LaunchScreen.storyboard */,
				49A32D0221173C95006CCDFE /* Info.plist */,
				49A32D0321173C95006CCDFE /* main.m */,
			);
			path = "Runtime总结";
			sourceTree = "<group>";
		};
		49A32D0A21173CA6006CCDFE /* Class */ = {
			isa = PBXGroup;
			children = (
				49A32D0B21173CBE006CCDFE /* 1-Hook */,
			);
			path = Class;
			sourceTree = "<group>";
		};
		49A32D0B21173CBE006CCDFE /* 1-Hook */ = {
			isa = PBXGroup;
			children = (
				49A32D0F21173F88006CCDFE /* Category */,
				49A32D0C21173F57006CCDFE /* HookViewController.h */,
				49A32D0D21173F57006CCDFE /* HookViewController.m */,
			);
			path = "1-Hook";
			sourceTree = "<group>";
		};
		49A32D0F21173F88006CCDFE /* Category */ = {
			isa = PBXGroup;
			children = (
				49CBF6D72117D92C0010F8A2 /* NSArray+Hook.h */,
				49CBF6D62117D92C0010F8A2 /* NSArray+Hook.m */,
				49CBF6D82117D92C0010F8A2 /* NSObject+Swizzing.h */,
				49CBF6D92117D92C0010F8A2 /* NSObject+Swizzing.m */,
				49A32D1321173FB9006CCDFE /* UIView+Hook.h */,
				49A32D1421173FB9006CCDFE /* UIView+Hook.m */,
			);
			path = Category;
			sourceTree = "<group>";
		};
/* End PBXGroup section */

/* Begin PBXNativeTarget section */
		49A32CF021173C93006CCDFE /* Runtime总结 */ = {
			isa = PBXNativeTarget;
			buildConfigurationList = 49A32D0721173C95006CCDFE /* Build configuration list for PBXNativeTarget "Runtime总结" */;
			buildPhases = (
				49A32CED21173C93006CCDFE /* Sources */,
				49A32CEE21173C93006CCDFE /* Frameworks */,
				49A32CEF21173C93006CCDFE /* Resources */,
			);
			buildRules = (
			);
			dependencies = (
			);
			name = "Runtime总结";
			productName = "Runtime总结";
			productReference = 49A32CF121173C93006CCDFE /* Runtime总结.app */;
			productType = "com.apple.product-type.application";
		};
/* End PBXNativeTarget section */

/* Begin PBXProject section */
		49A32CE921173C93006CCDFE /* Project object */ = {
			isa = PBXProject;
			attributes = {
				LastUpgradeCheck = 0940;
				ORGANIZATIONNAME = RaoBo;
				TargetAttributes = {
					49A32CF021173C93006CCDFE = {
						CreatedOnToolsVersion = 9.4.1;
					};
				};
			};
			buildConfigurationList = 49A32CEC21173C93006CCDFE /* Build configuration list for PBXProject "Runtime总结" */;
			compatibilityVersion = "Xcode 9.3";
			developmentRegion = en;
			hasScannedForEncodings = 0;
			knownRegions = (
				en,
				Base,
			);
			mainGroup = 49A32CE821173C93006CCDFE;
			productRefGroup = 49A32CF221173C93006CCDFE /* Products */;
			projectDirPath = "";
			projectRoot = "";
			targets = (
				49A32CF021173C93006CCDFE /* Runtime总结 */,
			);
		};
/* End PBXProject section */

/* Begin PBXResourcesBuildPhase section */
		49A32CEF21173C93006CCDFE /* Resources */ = {
			isa = PBXResourcesBuildPhase;
			buildActionMask = 2147483647;
			files = (
				49A32D0121173C95006CCDFE /* LaunchScreen.storyboard in Resources */,
				49A32CFE21173C95006CCDFE /* Assets.xcassets in Resources */,
				49A32CFC21173C94006CCDFE /* Main.storyboard in Resources */,
			);
			runOnlyForDeploymentPostprocessing = 0;
		};
/* End PBXResourcesBuildPhase section */

/* Begin PBXSourcesBuildPhase section */
		49A32CED21173C93006CCDFE /* Sources */ = {
			isa = PBXSourcesBuildPhase;
			buildActionMask = 2147483647;
			files = (
				49A32CF921173C94006CCDFE /* ViewController.m in Sources */,
				49CBF6DA2117D92C0010F8A2 /* NSArray+Hook.m in Sources */,
				49CBF6DB2117D92C0010F8A2 /* NSObject+Swizzing.m in Sources */,
				49A32D0421173C95006CCDFE /* main.m in Sources */,
				49A32D1521173FB9006CCDFE /* UIView+Hook.m in Sources */,
				49A32CF621173C93006CCDFE /* AppDelegate.m in Sources */,
				49A32D0E21173F57006CCDFE /* HookViewController.m in Sources */,
			);
			runOnlyForDeploymentPostprocessing = 0;
		};
/* End PBXSourcesBuildPhase section */

/* Begin PBXVariantGroup section */
		49A32CFA21173C94006CCDFE /* Main.storyboard */ = {
			isa = PBXVariantGroup;
			children = (
				49A32CFB21173C94006CCDFE /* Base */,
			);
			name = Main.storyboard;
			sourceTree = "<group>";
		};
		49A32CFF21173C95006CCDFE /* LaunchScreen.storyboard */ = {
			isa = PBXVariantGroup;
			children = (
				49A32D0021173C95006CCDFE /* Base */,
			);
			name = LaunchScreen.storyboard;
			sourceTree = "<group>";
		};
/* End PBXVariantGroup section */

/* Begin XCBuildConfiguration section */
		49A32D0521173C95006CCDFE /* Debug */ = {
			isa = XCBuildConfiguration;
			buildSettings = {
				ALWAYS_SEARCH_USER_PATHS = NO;
				CLANG_ANALYZER_NONNULL = YES;
				CLANG_ANALYZER_NUMBER_OBJECT_CONVERSION = YES_AGGRESSIVE;
				CLANG_CXX_LANGUAGE_STANDARD = "gnu++14";
				CLANG_CXX_LIBRARY = "libc++";
				CLANG_ENABLE_MODULES = YES;
				CLANG_ENABLE_OBJC_ARC = YES;
				CLANG_ENABLE_OBJC_WEAK = YES;
				CLANG_WARN_BLOCK_CAPTURE_AUTORELEASING = YES;
				CLANG_WARN_BOOL_CONVERSION = YES;
				CLANG_WARN_COMMA = YES;
				CLANG_WARN_CONSTANT_CONVERSION = YES;
				CLANG_WARN_DEPRECATED_OBJC_IMPLEMENTATIONS = YES;
				CLANG_WARN_DIRECT_OBJC_ISA_USAGE = YES_ERROR;
				CLANG_WARN_DOCUMENTATION_COMMENTS = YES;
				CLANG_WARN_EMPTY_BODY = YES;
				CLANG_WARN_ENUM_CONVERSION = YES;
				CLANG_WARN_INFINITE_RECURSION = YES;
				CLANG_WARN_INT_CONVERSION = YES;
				CLANG_WARN_NON_LITERAL_NULL_CONVERSION = YES;
				CLANG_WARN_OBJC_IMPLICIT_RETAIN_SELF = YES;
				CLANG_WARN_OBJC_LITERAL_CONVERSION = YES;
				CLANG_WARN_OBJC_ROOT_CLASS = YES_ERROR;
				CLANG_WARN_RANGE_LOOP_ANALYSIS = YES;
				CLANG_WARN_STRICT_PROTOTYPES = YES;
				CLANG_WARN_SUSPICIOUS_MOVE = YES;
				CLANG_WARN_UNGUARDED_AVAILABILITY = YES_AGGRESSIVE;
				CLANG_WARN_UNREACHABLE_CODE = YES;
				CLANG_WARN__DUPLICATE_METHOD_MATCH = YES;
				CODE_SIGN_IDENTITY = "iPhone Developer";
				COPY_PHASE_STRIP = NO;
				DEBUG_INFORMATION_FORMAT = dwarf;
				ENABLE_STRICT_OBJC_MSGSEND = YES;
				ENABLE_TESTABILITY = YES;
				GCC_C_LANGUAGE_STANDARD = gnu11;
				GCC_DYNAMIC_NO_PIC = NO;
				GCC_NO_COMMON_BLOCKS = YES;
				GCC_OPTIMIZATION_LEVEL = 0;
				GCC_PREPROCESSOR_DEFINITIONS = (
					"DEBUG=1",
					"$(inherited)",
				);
				GCC_WARN_64_TO_32_BIT_CONVERSION = YES;
				GCC_WARN_ABOUT_RETURN_TYPE = YES_ERROR;
				GCC_WARN_UNDECLARED_SELECTOR = YES;
				GCC_WARN_UNINITIALIZED_AUTOS = YES_AGGRESSIVE;
				GCC_WARN_UNUSED_FUNCTION = YES;
				GCC_WARN_UNUSED_VARIABLE = YES;
				IPHONEOS_DEPLOYMENT_TARGET = 11.4;
				MTL_ENABLE_DEBUG_INFO = YES;
				ONLY_ACTIVE_ARCH = YES;
				SDKROOT = iphoneos;
			};
			name = Debug;
		};
		49A32D0621173C95006CCDFE /* Release */ = {
			isa = XCBuildConfiguration;
			buildSettings = {
				ALWAYS_SEARCH_USER_PATHS = NO;
				CLANG_ANALYZER_NONNULL = YES;
				CLANG_ANALYZER_NUMBER_OBJECT_CONVERSION = YES_AGGRESSIVE;
				CLANG_CXX_LANGUAGE_STANDARD = "gnu++14";
				CLANG_CXX_LIBRARY = "libc++";
				CLANG_ENABLE_MODULES = YES;
				CLANG_ENABLE_OBJC_ARC = YES;
				CLANG_ENABLE_OBJC_WEAK = YES;
				CLANG_WARN_BLOCK_CAPTURE_AUTORELEASING = YES;
				CLANG_WARN_BOOL_CONVERSION = YES;
				CLANG_WARN_COMMA = YES;
				CLANG_WARN_CONSTANT_CONVERSION = YES;
				CLANG_WARN_DEPRECATED_OBJC_IMPLEMENTATIONS = YES;
				CLANG_WARN_DIRECT_OBJC_ISA_USAGE = YES_ERROR;
				CLANG_WARN_DOCUMENTATION_COMMENTS = YES;
				CLANG_WARN_EMPTY_BODY = YES;
				CLANG_WARN_ENUM_CONVERSION = YES;
				CLANG_WARN_INFINITE_RECURSION = YES;
				CLANG_WARN_INT_CONVERSION = YES;
				CLANG_WARN_NON_LITERAL_NULL_CONVERSION = YES;
				CLANG_WARN_OBJC_IMPLICIT_RETAIN_SELF = YES;
				CLANG_WARN_OBJC_LITERAL_CONVERSION = YES;
				CLANG_WARN_OBJC_ROOT_CLASS = YES_ERROR;
				CLANG_WARN_RANGE_LOOP_ANALYSIS = YES;
				CLANG_WARN_STRICT_PROTOTYPES = YES;
				CLANG_WARN_SUSPICIOUS_MOVE = YES;
				CLANG_WARN_UNGUARDED_AVAILABILITY = YES_AGGRESSIVE;
				CLANG_WARN_UNREACHABLE_CODE = YES;
				CLANG_WARN__DUPLICATE_METHOD_MATCH = YES;
				CODE_SIGN_IDENTITY = "iPhone Developer";
				COPY_PHASE_STRIP = NO;
				DEBUG_INFORMATION_FORMAT = "dwarf-with-dsym";
				ENABLE_NS_ASSERTIONS = NO;
				ENABLE_STRICT_OBJC_MSGSEND = YES;
				GCC_C_LANGUAGE_STANDARD = gnu11;
				GCC_NO_COMMON_BLOCKS = YES;
				GCC_WARN_64_TO_32_BIT_CONVERSION = YES;
				GCC_WARN_ABOUT_RETURN_TYPE = YES_ERROR;
				GCC_WARN_UNDECLARED_SELECTOR = YES;
				GCC_WARN_UNINITIALIZED_AUTOS = YES_AGGRESSIVE;
				GCC_WARN_UNUSED_FUNCTION = YES;
				GCC_WARN_UNUSED_VARIABLE = YES;
				IPHONEOS_DEPLOYMENT_TARGET = 11.4;
				MTL_ENABLE_DEBUG_INFO = NO;
				SDKROOT = iphoneos;
				VALIDATE_PRODUCT = YES;
			};
			name = Release;
		};
		49A32D0821173C95006CCDFE /* Debug */ = {
			isa = XCBuildConfiguration;
			buildSettings = {
				ASSETCATALOG_COMPILER_APPICON_NAME = AppIcon;
				CODE_SIGN_STYLE = Automatic;
				INFOPLIST_FILE = "Runtime总结/Info.plist";
				LD_RUNPATH_SEARCH_PATHS = (
					"$(inherited)",
					"@executable_path/Frameworks",
				);
				PRODUCT_BUNDLE_IDENTIFIER = "com.liyuan.www.Runtime--";
				PRODUCT_NAME = "$(TARGET_NAME)";
				TARGETED_DEVICE_FAMILY = "1,2";
			};
			name = Debug;
		};
		49A32D0921173C95006CCDFE /* Release */ = {
			isa = XCBuildConfiguration;
			buildSettings = {
				ASSETCATALOG_COMPILER_APPICON_NAME = AppIcon;
				CODE_SIGN_STYLE = Automatic;
				INFOPLIST_FILE = "Runtime总结/Info.plist";
				LD_RUNPATH_SEARCH_PATHS = (
					"$(inherited)",
					"@executable_path/Frameworks",
				);
				PRODUCT_BUNDLE_IDENTIFIER = "com.liyuan.www.Runtime--";
				PRODUCT_NAME = "$(TARGET_NAME)";
				TARGETED_DEVICE_FAMILY = "1,2";
			};
			name = Release;
		};
/* End XCBuildConfiguration section */

/* Begin XCConfigurationList section */
		49A32CEC21173C93006CCDFE /* Build configuration list for PBXProject "Runtime总结" */ = {
			isa = XCConfigurationList;
			buildConfigurations = (
				49A32D0521173C95006CCDFE /* Debug */,
				49A32D0621173C95006CCDFE /* Release */,
			);
			defaultConfigurationIsVisible = 0;
			defaultConfigurationName = Release;
		};
		49A32D0721173C95006CCDFE /* Build configuration list for PBXNativeTarget "Runtime总结" */ = {
			isa = XCConfigurationList;
			buildConfigurations = (
				49A32D0821173C95006CCDFE /* Debug */,
				49A32D0921173C95006CCDFE /* Release */,
			);
			defaultConfigurationIsVisible = 0;
			defaultConfigurationName = Release;
		};
/* End XCConfigurationList section */
	};
	rootObject = 49A32CE921173C93006CCDFE /* Project object */;
}
